
Microsoft Visual Studio Solution File, Format Version 12.00
# Visual Studio 15
VisualStudioVersion = 15.0.28010.2026
MinimumVisualStudioVersion = 10.0.40219.1
Project("{FAE04EC0-301F-11D3-BF4B-00C04F79EFBC}") = "Dias de la semana(switc)", "Dias de la semana(switc)\Dias de la semana(switc).csproj", "{141F2DBC-6E76-47CF-8BAE-2B89DCA8A9DB}"
EndProject
Global
	GlobalSection(SolutionConfigurationPlatforms) = preSolution
		Debug|Any CPU = Debug|Any CPU
		Release|Any CPU = Release|Any CPU
	EndGlobalSection
	GlobalSection(ProjectConfigurationPlatforms) = postSolution
		{141F2DBC-6E76-47CF-8BAE-2B89DCA8A9DB}.Debug|Any CPU.ActiveCfg = Debug|Any CPU
		{141F2DBC-6E76-47CF-8BAE-2B89DCA8A9DB}.Debug|Any CPU.Build.0 = Debug|Any CPU
		{141F2DBC-6E76-47CF-8BAE-2B89DCA8A9DB}.Release|Any CPU.ActiveCfg = Release|Any CPU
		{141F2DBC-6E76-47CF-8BAE-2B89DCA8A9DB}.Release|Any CPU.Build.0 = Release|Any CPU
	EndGlobalSection
	GlobalSection(SolutionProperties) = preSolution
		HideSolutionNode = FALSE
	EndGlobalSection
	GlobalSection(ExtensibilityGlobals) = postSolution
		SolutionGuid = {2DBE48A8-2740-4280-9670-F64F2F13C761}
	EndGlobalSection
EndGlobal
