
Microsoft Visual Studio Solution File, Format Version 12.00
# Visual Studio 15
VisualStudioVersion = 15.0.28010.2026
MinimumVisualStudioVersion = 10.0.40219.1
Project("{FAE04EC0-301F-11D3-BF4B-00C04F79EFBC}") = "WebApplication1", "WebApplication1\WebApplication1.csproj", "{0B0B0A7B-09C0-447C-940B-96A33D7754B9}"
EndProject
Global
	GlobalSection(SolutionConfigurationPlatforms) = preSolution
		Debug|Any CPU = Debug|Any CPU
		Release|Any CPU = Release|Any CPU
	EndGlobalSection
	GlobalSection(ProjectConfigurationPlatforms) = postSolution
		{0B0B0A7B-09C0-447C-940B-96A33D7754B9}.Debug|Any CPU.ActiveCfg = Debug|Any CPU
		{0B0B0A7B-09C0-447C-940B-96A33D7754B9}.Debug|Any CPU.Build.0 = Debug|Any CPU
		{0B0B0A7B-09C0-447C-940B-96A33D7754B9}.Release|Any CPU.ActiveCfg = Release|Any CPU
		{0B0B0A7B-09C0-447C-940B-96A33D7754B9}.Release|Any CPU.Build.0 = Release|Any CPU
	EndGlobalSection
	GlobalSection(SolutionProperties) = preSolution
		HideSolutionNode = FALSE
	EndGlobalSection
	GlobalSection(ExtensibilityGlobals) = postSolution
		SolutionGuid = {7A8F26F3-372B-40A7-BCB5-8E621C0CAE89}
	EndGlobalSection
EndGlobal
