
Microsoft Visual Studio Solution File, Format Version 12.00
# Visual Studio 15
VisualStudioVersion = 15.0.28010.2026
MinimumVisualStudioVersion = 10.0.40219.1
Project("{FAE04EC0-301F-11D3-BF4B-00C04F79EFBC}") = "Ejemplo_Herencia_Polimorfismo", "Ejemplo_Herencia_Polimorfismo\Ejemplo_Herencia_Polimorfismo.csproj", "{F973CFC4-552D-4C75-B16E-C2F4FA745E2F}"
EndProject
Project("{2150E333-8FDC-42A3-9474-1A3956D46DE8}") = "Solution Items", "Solution Items", "{12FD043B-2FD8-44FD-8310-A62AC7FAD72A}"
	ProjectSection(SolutionItems) = preProject
		Motocicleta.cs = Motocicleta.cs
		PruebaMotocicleta.cs = PruebaMotocicleta.cs
	EndProjectSection
EndProject
Global
	GlobalSection(SolutionConfigurationPlatforms) = preSolution
		Debug|Any CPU = Debug|Any CPU
		Release|Any CPU = Release|Any CPU
	EndGlobalSection
	GlobalSection(ProjectConfigurationPlatforms) = postSolution
		{F973CFC4-552D-4C75-B16E-C2F4FA745E2F}.Debug|Any CPU.ActiveCfg = Debug|Any CPU
		{F973CFC4-552D-4C75-B16E-C2F4FA745E2F}.Debug|Any CPU.Build.0 = Debug|Any CPU
		{F973CFC4-552D-4C75-B16E-C2F4FA745E2F}.Release|Any CPU.ActiveCfg = Release|Any CPU
		{F973CFC4-552D-4C75-B16E-C2F4FA745E2F}.Release|Any CPU.Build.0 = Release|Any CPU
	EndGlobalSection
	GlobalSection(SolutionProperties) = preSolution
		HideSolutionNode = FALSE
	EndGlobalSection
	GlobalSection(ExtensibilityGlobals) = postSolution
		SolutionGuid = {D3394D23-6F95-449A-BA29-103FBF2A4C1E}
	EndGlobalSection
EndGlobal
