
Microsoft Visual Studio Solution File, Format Version 12.00
# Visual Studio 15
VisualStudioVersion = 15.0.28010.2041
MinimumVisualStudioVersion = 10.0.40219.1
Project("{FAE04EC0-301F-11D3-BF4B-00C04F79EFBC}") = "Arrays", "Arrays\Arrays.csproj", "{C619436E-921A-4269-A051-2803D72A93AB}"
EndProject
Global
	GlobalSection(SolutionConfigurationPlatforms) = preSolution
		Debug|Any CPU = Debug|Any CPU
		Release|Any CPU = Release|Any CPU
	EndGlobalSection
	GlobalSection(ProjectConfigurationPlatforms) = postSolution
		{C619436E-921A-4269-A051-2803D72A93AB}.Debug|Any CPU.ActiveCfg = Debug|Any CPU
		{C619436E-921A-4269-A051-2803D72A93AB}.Debug|Any CPU.Build.0 = Debug|Any CPU
		{C619436E-921A-4269-A051-2803D72A93AB}.Release|Any CPU.ActiveCfg = Release|Any CPU
		{C619436E-921A-4269-A051-2803D72A93AB}.Release|Any CPU.Build.0 = Release|Any CPU
	EndGlobalSection
	GlobalSection(SolutionProperties) = preSolution
		HideSolutionNode = FALSE
	EndGlobalSection
	GlobalSection(ExtensibilityGlobals) = postSolution
		SolutionGuid = {5DBE506A-E149-4CC4-A098-BE5547D538BE}
	EndGlobalSection
EndGlobal
