
Microsoft Visual Studio Solution File, Format Version 12.00
# Visual Studio 15
VisualStudioVersion = 15.0.28010.2046
MinimumVisualStudioVersion = 10.0.40219.1
Project("{FAE04EC0-301F-11D3-BF4B-00C04F79EFBC}") = "Ejercicio5", "Ejercicio5\Ejercicio5.csproj", "{0743FD08-6D11-4A5F-9A68-113C04C7E1AB}"
EndProject
Global
	GlobalSection(SolutionConfigurationPlatforms) = preSolution
		Debug|Any CPU = Debug|Any CPU
		Release|Any CPU = Release|Any CPU
	EndGlobalSection
	GlobalSection(ProjectConfigurationPlatforms) = postSolution
		{0743FD08-6D11-4A5F-9A68-113C04C7E1AB}.Debug|Any CPU.ActiveCfg = Debug|Any CPU
		{0743FD08-6D11-4A5F-9A68-113C04C7E1AB}.Debug|Any CPU.Build.0 = Debug|Any CPU
		{0743FD08-6D11-4A5F-9A68-113C04C7E1AB}.Release|Any CPU.ActiveCfg = Release|Any CPU
		{0743FD08-6D11-4A5F-9A68-113C04C7E1AB}.Release|Any CPU.Build.0 = Release|Any CPU
	EndGlobalSection
	GlobalSection(SolutionProperties) = preSolution
		HideSolutionNode = FALSE
	EndGlobalSection
	GlobalSection(ExtensibilityGlobals) = postSolution
		SolutionGuid = {BAE27D82-A977-4D2C-84A1-7E5CC4B4DB8C}
	EndGlobalSection
EndGlobal
